
Microsoft Visual Studio Solution File, Format Version 9.00
# Visual Studio 2005
Project("{FAE04EC0-301F-11D3-BF4B-00C04F79EFBC}") = "MapTableCreator", "MapTableCreator\MapTableCreator.csproj", "{C0640CBC-C39B-48B4-8615-3A66ACAB4DC2}"
EndProject
Project("{FAE04EC0-301F-11D3-BF4B-00C04F79EFBC}") = "MapMULToUOP", "MapMULToUOP\MapMULToUOP.csproj", "{906E1693-85EC-47D0-8118-D7C0B3F98ED8}"
EndProject
Global
	GlobalSection(SolutionConfigurationPlatforms) = preSolution
		Debug|Any CPU = Debug|Any CPU
		Release|Any CPU = Release|Any CPU
	EndGlobalSection
	GlobalSection(ProjectConfigurationPlatforms) = postSolution
		{C0640CBC-C39B-48B4-8615-3A66ACAB4DC2}.Debug|Any CPU.ActiveCfg = Debug|Any CPU
		{C0640CBC-C39B-48B4-8615-3A66ACAB4DC2}.Debug|Any CPU.Build.0 = Debug|Any CPU
		{C0640CBC-C39B-48B4-8615-3A66ACAB4DC2}.Release|Any CPU.ActiveCfg = Release|Any CPU
		{C0640CBC-C39B-48B4-8615-3A66ACAB4DC2}.Release|Any CPU.Build.0 = Release|Any CPU
		{906E1693-85EC-47D0-8118-D7C0B3F98ED8}.Debug|Any CPU.ActiveCfg = Debug|Any CPU
		{906E1693-85EC-47D0-8118-D7C0B3F98ED8}.Debug|Any CPU.Build.0 = Debug|Any CPU
		{906E1693-85EC-47D0-8118-D7C0B3F98ED8}.Release|Any CPU.ActiveCfg = Release|Any CPU
		{906E1693-85EC-47D0-8118-D7C0B3F98ED8}.Release|Any CPU.Build.0 = Release|Any CPU
	EndGlobalSection
	GlobalSection(SolutionProperties) = preSolution
		HideSolutionNode = FALSE
	EndGlobalSection
EndGlobal
