<?xml version="1.0" encoding="utf-8"?>
<Project ToolsVersion="4.0" xmlns="http://schemas.microsoft.com/developer/msbuild/2003">
  <ItemGroup>
    <Filter Include="common">
      <UniqueIdentifier>{851a2cc0-ca88-4a95-bc64-98ad68514a3e}</UniqueIdentifier>
    </Filter>
    <Filter Include="common\zlib">
      <UniqueIdentifier>{5b6a8a1c-05f3-48a6-a896-082476a79f81}</UniqueIdentifier>
    </Filter>
    <Filter Include="common\twofish">
      <UniqueIdentifier>{353e7db8-874b-4551-8e15-0fcc9875d06e}</UniqueIdentifier>
    </Filter>
    <Filter Include="common\mtrand">
      <UniqueIdentifier>{3abdd197-d524-40eb-a5ae-59a6b045e73b}</UniqueIdentifier>
    </Filter>
    <Filter Include="common\regex">
      <UniqueIdentifier>{ab7d326a-8bb6-432c-997d-b35b39a8c9e7}</UniqueIdentifier>
    </Filter>
    <Filter Include="common\crashdump">
      <UniqueIdentifier>{bfcf28bb-2d0c-48a1-a304-037fb69f178b}</UniqueIdentifier>
    </Filter>
    <Filter Include="common\sqlite">
      <UniqueIdentifier>{19b83913-ef63-4820-9ae0-158e0c75d5b8}</UniqueIdentifier>
    </Filter>
    <Filter Include="graysvr">
      <UniqueIdentifier>{15356495-5833-4141-9734-de04e7355bbe}</UniqueIdentifier>
    </Filter>
    <Filter Include="network">
      <UniqueIdentifier>{9aacf406-4351-4c7e-bcb9-8a21f30ac129}</UniqueIdentifier>
    </Filter>
    <Filter Include="sphere">
      <UniqueIdentifier>{221c2cd5-32c0-4a7c-b5e0-f8aee82ca1d6}</UniqueIdentifier>
    </Filter>
    <Filter Include="tables">
      <UniqueIdentifier>{b459b1a6-1618-4776-a2ef-a312167c3bbb}</UniqueIdentifier>
    </Filter>
  </ItemGroup>
  <ItemGroup>
    <ClCompile Include="src\common\zlib\adler32.c">
      <Filter>common\zlib</Filter>
    </ClCompile>
    <ClCompile Include="src\common\zlib\compress.c">
      <Filter>common\zlib</Filter>
    </ClCompile>
    <ClCompile Include="src\common\zlib\crc32.c">
      <Filter>common\zlib</Filter>
    </ClCompile>
    <ClCompile Include="src\common\zlib\deflate.c">
      <Filter>common\zlib</Filter>
    </ClCompile>
    <ClCompile Include="src\common\zlib\infback.c">
      <Filter>common\zlib</Filter>
    </ClCompile>
    <ClCompile Include="src\common\zlib\inffast.c">
      <Filter>common\zlib</Filter>
    </ClCompile>
    <ClCompile Include="src\common\zlib\inflate.c">
      <Filter>common\zlib</Filter>
    </ClCompile>
    <ClCompile Include="src\common\zlib\inftrees.c">
      <Filter>common\zlib</Filter>
    </ClCompile>
    <ClCompile Include="src\common\zlib\trees.c">
      <Filter>common\zlib</Filter>
    </ClCompile>
    <ClCompile Include="src\common\zlib\uncompr.c">
      <Filter>common\zlib</Filter>
    </ClCompile>
    <ClCompile Include="src\common\zlib\zutil.c">
      <Filter>common\zlib</Filter>
    </ClCompile>
    <ClCompile Include="src\common\twofish\twofish2.cpp">
      <Filter>common\twofish</Filter>
    </ClCompile>
    <ClCompile Include="src\common\CArray.cpp">
      <Filter>common</Filter>
    </ClCompile>
    <ClCompile Include="src\common\CAssoc.cpp">
      <Filter>common</Filter>
    </ClCompile>
    <ClCompile Include="src\common\CAtom.cpp">
      <Filter>common</Filter>
    </ClCompile>
    <ClCompile Include="src\common\CDataBase.cpp">
      <Filter>common</Filter>
    </ClCompile>
    <ClCompile Include="src\common\CException.cpp">
      <Filter>common</Filter>
    </ClCompile>
    <ClCompile Include="src\common\CExpression.cpp">
      <Filter>common</Filter>
    </ClCompile>
    <ClCompile Include="src\common\CFile.cpp">
      <Filter>common</Filter>
    </ClCompile>
    <ClCompile Include="src\common\CFileList.cpp">
      <Filter>common</Filter>
    </ClCompile>
    <ClCompile Include="src\common\CGrayData.cpp">
      <Filter>common</Filter>
    </ClCompile>
    <ClCompile Include="src\common\CGrayInst.cpp">
      <Filter>common</Filter>
    </ClCompile>
    <ClCompile Include="src\common\CGrayMap.cpp">
      <Filter>common</Filter>
    </ClCompile>
    <ClCompile Include="src\common\CMD5.cpp">
      <Filter>common</Filter>
    </ClCompile>
    <ClCompile Include="src\common\CQueue.cpp">
      <Filter>common</Filter>
    </ClCompile>
    <ClCompile Include="src\common\CRect.cpp">
      <Filter>common</Filter>
    </ClCompile>
    <ClCompile Include="src\common\CRegion.cpp">
      <Filter>common</Filter>
    </ClCompile>
    <ClCompile Include="src\common\CResourceBase.cpp">
      <Filter>common</Filter>
    </ClCompile>
    <ClCompile Include="src\common\CScript.cpp">
      <Filter>common</Filter>
    </ClCompile>
    <ClCompile Include="src\common\CScriptObj.cpp">
      <Filter>common</Filter>
    </ClCompile>
    <ClCompile Include="src\common\CSectorTemplate.cpp">
      <Filter>common</Filter>
    </ClCompile>
    <ClCompile Include="src\common\CSocket.cpp">
      <Filter>common</Filter>
    </ClCompile>
    <ClCompile Include="src\common\CString.cpp">
      <Filter>common</Filter>
    </ClCompile>
    <ClCompile Include="src\common\CTime.cpp">
      <Filter>common</Filter>
    </ClCompile>
    <ClCompile Include="src\common\CVarDefMap.cpp">
      <Filter>common</Filter>
    </ClCompile>
    <ClCompile Include="src\common\ListDefContMap.cpp">
      <Filter>common</Filter>
    </ClCompile>
    <ClCompile Include="src\common\CWindow.cpp">
      <Filter>common</Filter>
    </ClCompile>
    <ClCompile Include="src\common\graycom.cpp">
      <Filter>common</Filter>
    </ClCompile>
    <ClCompile Include="src\sphere\asyncdb.cpp">
      <Filter>sphere</Filter>
    </ClCompile>
    <ClCompile Include="src\sphere\linuxev.cpp">
      <Filter>sphere</Filter>
    </ClCompile>
    <ClCompile Include="src\sphere\mutex.cpp">
      <Filter>sphere</Filter>
    </ClCompile>
    <ClCompile Include="src\sphere\ProfileData.cpp">
      <Filter>sphere</Filter>
    </ClCompile>
    <ClCompile Include="src\sphere\strings.cpp">
      <Filter>sphere</Filter>
    </ClCompile>
    <ClCompile Include="src\sphere\threads.cpp">
      <Filter>sphere</Filter>
    </ClCompile>
    <ClCompile Include="src\common\CacheableScriptFile.cpp">
      <Filter>common</Filter>
    </ClCompile>
    <ClCompile Include="src\graysvr\CItemMultiCustom.cpp">
      <Filter>graysvr</Filter>
    </ClCompile>
    <ClCompile Include="src\graysvr\CItemShip.cpp">
      <Filter>graysvr</Filter>
    </ClCompile>
    <ClCompile Include="src\common\crashdump\crashdump.cpp">
      <Filter>common\crashdump</Filter>
    </ClCompile>
    <ClCompile Include="src\common\CsvFile.cpp">
      <Filter>common</Filter>
    </ClCompile>
    <ClCompile Include="src\common\CVarFloat.cpp">
      <Filter>common</Filter>
    </ClCompile>
    <ClCompile Include="src\network\network.cpp">
      <Filter>network</Filter>
    </ClCompile>
    <ClCompile Include="src\network\packet.cpp">
      <Filter>network</Filter>
    </ClCompile>
    <ClCompile Include="src\network\receive.cpp">
      <Filter>network</Filter>
    </ClCompile>
    <ClCompile Include="src\network\send.cpp">
      <Filter>network</Filter>
    </ClCompile>
    <ClCompile Include="src\graysvr\PingServer.cpp">
      <Filter>graysvr</Filter>
    </ClCompile>
    <ClCompile Include="src\common\sqlite\SQLite.cpp">
      <Filter>common\sqlite</Filter>
    </ClCompile>
    <ClCompile Include="src\common\sqlite\sqlite3.c">
      <Filter>common\sqlite</Filter>
    </ClCompile>
    <ClCompile Include="src\common\zlib\gzclose.c">
      <Filter>common\zlib</Filter>
    </ClCompile>
    <ClCompile Include="src\common\zlib\gzlib.c">
      <Filter>common\zlib</Filter>
    </ClCompile>
    <ClCompile Include="src\common\zlib\gzread.c">
      <Filter>common\zlib</Filter>
    </ClCompile>
    <ClCompile Include="src\common\zlib\gzwrite.c">
      <Filter>common\zlib</Filter>
    </ClCompile>
    <ClCompile Include="src\common\CDatabaseLoader.cpp">
      <Filter>common</Filter>
    </ClCompile>
    <ClCompile Include="src\graysvr\CAccount.cpp">
      <Filter>graysvr</Filter>
    </ClCompile>
    <ClCompile Include="src\graysvr\CBase.cpp">
      <Filter>graysvr</Filter>
    </ClCompile>
    <ClCompile Include="src\graysvr\CChar.cpp">
      <Filter>graysvr</Filter>
    </ClCompile>
    <ClCompile Include="src\graysvr\CCharact.cpp">
      <Filter>graysvr</Filter>
    </ClCompile>
    <ClCompile Include="src\graysvr\CCharBase.cpp">
      <Filter>graysvr</Filter>
    </ClCompile>
    <ClCompile Include="src\graysvr\CCharFight.cpp">
      <Filter>graysvr</Filter>
    </ClCompile>
    <ClCompile Include="src\graysvr\CCharNPC.cpp">
      <Filter>graysvr</Filter>
    </ClCompile>
    <ClCompile Include="src\graysvr\CCharNPCAct.cpp">
      <Filter>graysvr</Filter>
    </ClCompile>
    <ClCompile Include="src\graysvr\CCharNPCPet.cpp">
      <Filter>graysvr</Filter>
    </ClCompile>
    <ClCompile Include="src\graysvr\CCharNPCStatus.cpp">
      <Filter>graysvr</Filter>
    </ClCompile>
    <ClCompile Include="src\graysvr\CCharSkill.cpp">
      <Filter>graysvr</Filter>
    </ClCompile>
    <ClCompile Include="src\graysvr\CCharSpell.cpp">
      <Filter>graysvr</Filter>
    </ClCompile>
    <ClCompile Include="src\graysvr\CCharStatus.cpp">
      <Filter>graysvr</Filter>
    </ClCompile>
    <ClCompile Include="src\graysvr\CCharUse.cpp">
      <Filter>graysvr</Filter>
    </ClCompile>
    <ClCompile Include="src\graysvr\CChat.cpp">
      <Filter>graysvr</Filter>
    </ClCompile>
    <ClCompile Include="src\graysvr\CClient.cpp">
      <Filter>graysvr</Filter>
    </ClCompile>
    <ClCompile Include="src\graysvr\CClientDialog.cpp">
      <Filter>graysvr</Filter>
    </ClCompile>
    <ClCompile Include="src\graysvr\CClientEvent.cpp">
      <Filter>graysvr</Filter>
    </ClCompile>
    <ClCompile Include="src\graysvr\CClientGMPage.cpp">
      <Filter>graysvr</Filter>
    </ClCompile>
    <ClCompile Include="src\graysvr\CClientLog.cpp">
      <Filter>graysvr</Filter>
    </ClCompile>
    <ClCompile Include="src\graysvr\CClientMsg.cpp">
      <Filter>graysvr</Filter>
    </ClCompile>
    <ClCompile Include="src\graysvr\CClientTarg.cpp">
      <Filter>graysvr</Filter>
    </ClCompile>
    <ClCompile Include="src\graysvr\CClientUse.cpp">
      <Filter>graysvr</Filter>
    </ClCompile>
    <ClCompile Include="src\graysvr\CContain.cpp">
      <Filter>graysvr</Filter>
    </ClCompile>
    <ClCompile Include="src\graysvr\CGMPage.cpp">
      <Filter>graysvr</Filter>
    </ClCompile>
    <ClCompile Include="src\graysvr\CItem.cpp">
      <Filter>graysvr</Filter>
    </ClCompile>
    <ClCompile Include="src\graysvr\CItemBase.cpp">
      <Filter>graysvr</Filter>
    </ClCompile>
    <ClCompile Include="src\graysvr\CItemMulti.cpp">
      <Filter>graysvr</Filter>
    </ClCompile>
    <ClCompile Include="src\graysvr\CItemSp.cpp">
      <Filter>graysvr</Filter>
    </ClCompile>
    <ClCompile Include="src\graysvr\CItemStone.cpp">
      <Filter>graysvr</Filter>
    </ClCompile>
    <ClCompile Include="src\graysvr\CItemVend.cpp">
      <Filter>graysvr</Filter>
    </ClCompile>
    <ClCompile Include="src\graysvr\CLog.cpp">
      <Filter>graysvr</Filter>
    </ClCompile>
    <ClCompile Include="src\graysvr\CObjBase.cpp">
      <Filter>graysvr</Filter>
    </ClCompile>
    <ClCompile Include="src\graysvr\CParty.cpp">
      <Filter>graysvr</Filter>
    </ClCompile>
    <ClCompile Include="src\graysvr\CPathFinder.cpp">
      <Filter>graysvr</Filter>
    </ClCompile>
    <ClCompile Include="src\graysvr\CResource.cpp">
      <Filter>graysvr</Filter>
    </ClCompile>
    <ClCompile Include="src\graysvr\CResourceCalc.cpp">
      <Filter>graysvr</Filter>
    </ClCompile>
    <ClCompile Include="src\graysvr\CResourceDef.cpp">
      <Filter>graysvr</Filter>
    </ClCompile>
    <ClCompile Include="src\graysvr\CSector.cpp">
      <Filter>graysvr</Filter>
    </ClCompile>
    <ClCompile Include="src\graysvr\CServer.cpp">
      <Filter>graysvr</Filter>
    </ClCompile>
    <ClCompile Include="src\graysvr\CServRef.cpp">
      <Filter>graysvr</Filter>
    </ClCompile>
    <ClCompile Include="src\graysvr\CWebPage.cpp">
      <Filter>graysvr</Filter>
    </ClCompile>
    <ClCompile Include="src\graysvr\CWorld.cpp">
      <Filter>graysvr</Filter>
    </ClCompile>
    <ClCompile Include="src\graysvr\CWorldImport.cpp">
      <Filter>graysvr</Filter>
    </ClCompile>
    <ClCompile Include="src\graysvr\CWorldMap.cpp">
      <Filter>graysvr</Filter>
    </ClCompile>
    <ClCompile Include="src\graysvr\graysvr.cpp">
      <Filter>graysvr</Filter>
    </ClCompile>
    <ClCompile Include="src\graysvr\ntservice.cpp">
      <Filter>graysvr</Filter>
    </ClCompile>
    <ClCompile Include="src\graysvr\ntwindow.cpp">
      <Filter>graysvr</Filter>
    </ClCompile>
    <ClCompile Include="src\graysvr\UnixTerminal.cpp">
      <Filter>graysvr</Filter>
    </ClCompile>
    <ClCompile Include="src\common\CEncrypt.cpp">
      <Filter>common</Filter>
    </ClCompile>
  </ItemGroup>
  <ItemGroup>
    <ClInclude Include="src\common\zlib\crc32.h">
      <Filter>common\zlib</Filter>
    </ClInclude>
    <ClInclude Include="src\common\zlib\deflate.h">
      <Filter>common\zlib</Filter>
    </ClInclude>
    <ClInclude Include="src\common\zlib\inffast.h">
      <Filter>common\zlib</Filter>
    </ClInclude>
    <ClInclude Include="src\common\zlib\inffixed.h">
      <Filter>common\zlib</Filter>
    </ClInclude>
    <ClInclude Include="src\common\zlib\inflate.h">
      <Filter>common\zlib</Filter>
    </ClInclude>
    <ClInclude Include="src\common\zlib\inftrees.h">
      <Filter>common\zlib</Filter>
    </ClInclude>
    <ClInclude Include="src\common\zlib\trees.h">
      <Filter>common\zlib</Filter>
    </ClInclude>
    <ClInclude Include="src\common\zlib\zconf.h">
      <Filter>common\zlib</Filter>
    </ClInclude>
    <ClInclude Include="src\common\zlib\zlib.h">
      <Filter>common\zlib</Filter>
    </ClInclude>
    <ClInclude Include="src\common\zlib\zutil.h">
      <Filter>common\zlib</Filter>
    </ClInclude>
    <ClInclude Include="src\common\twofish\aes.h">
      <Filter>common\twofish</Filter>
    </ClInclude>
    <ClInclude Include="src\common\twofish\debug.h">
      <Filter>common\twofish</Filter>
    </ClInclude>
    <ClInclude Include="src\common\twofish\platform.h">
      <Filter>common\twofish</Filter>
    </ClInclude>
    <ClInclude Include="src\common\twofish\table.h">
      <Filter>common\twofish</Filter>
    </ClInclude>
    <ClInclude Include="src\common\regex\deelx.h">
      <Filter>common\regex</Filter>
    </ClInclude>
    <ClInclude Include="src\common\carray.h">
      <Filter>common</Filter>
    </ClInclude>
    <ClInclude Include="src\common\cassoc.h">
      <Filter>common</Filter>
    </ClInclude>
    <ClInclude Include="src\common\CAtom.h">
      <Filter>common</Filter>
    </ClInclude>
    <ClInclude Include="src\common\CDataBase.h">
      <Filter>common</Filter>
    </ClInclude>
    <ClInclude Include="src\common\CException.h">
      <Filter>common</Filter>
    </ClInclude>
    <ClInclude Include="src\common\cexpression.h">
      <Filter>common</Filter>
    </ClInclude>
    <ClInclude Include="src\common\cfile.h">
      <Filter>common</Filter>
    </ClInclude>
    <ClInclude Include="src\common\cfilelist.h">
      <Filter>common</Filter>
    </ClInclude>
    <ClInclude Include="src\common\cgrayinst.h">
      <Filter>common</Filter>
    </ClInclude>
    <ClInclude Include="src\common\cGrayMap.h">
      <Filter>common</Filter>
    </ClInclude>
    <ClInclude Include="src\common\cmemblock.h">
      <Filter>common</Filter>
    </ClInclude>
    <ClInclude Include="src\common\common.h">
      <Filter>common</Filter>
    </ClInclude>
    <ClInclude Include="src\common\CQueue.h">
      <Filter>common</Filter>
    </ClInclude>
    <ClInclude Include="src\common\crect.h">
      <Filter>common</Filter>
    </ClInclude>
    <ClInclude Include="src\common\cregion.h">
      <Filter>common</Filter>
    </ClInclude>
    <ClInclude Include="src\common\cresourcebase.h">
      <Filter>common</Filter>
    </ClInclude>
    <ClInclude Include="src\common\cscript.h">
      <Filter>common</Filter>
    </ClInclude>
    <ClInclude Include="src\common\cscriptobj.h">
      <Filter>common</Filter>
    </ClInclude>
    <ClInclude Include="src\common\cSectorTemplate.h">
      <Filter>common</Filter>
    </ClInclude>
    <ClInclude Include="src\common\csocket.h">
      <Filter>common</Filter>
    </ClInclude>
    <ClInclude Include="src\common\cstring.h">
      <Filter>common</Filter>
    </ClInclude>
    <ClInclude Include="src\common\ctime.h">
      <Filter>common</Filter>
    </ClInclude>
    <ClInclude Include="src\common\CVarDefMap.h">
      <Filter>common</Filter>
    </ClInclude>
    <ClInclude Include="src\common\ListDefContMap.h">
      <Filter>common</Filter>
    </ClInclude>
    <ClInclude Include="src\common\graycom.h">
      <Filter>common</Filter>
    </ClInclude>
    <ClInclude Include="src\common\graymul.h">
      <Filter>common</Filter>
    </ClInclude>
    <ClInclude Include="src\common\grayproto.h">
      <Filter>common</Filter>
    </ClInclude>
    <ClInclude Include="src\common\grayver.h">
      <Filter>common</Filter>
    </ClInclude>
    <ClInclude Include="src\common\os_unix.h">
      <Filter>common</Filter>
    </ClInclude>
    <ClInclude Include="src\common\os_windows.h">
      <Filter>common</Filter>
    </ClInclude>
    <ClInclude Include="src\sphere\asyncdb.h">
      <Filter>sphere</Filter>
    </ClInclude>
    <ClInclude Include="src\sphere\containers.h">
      <Filter>sphere</Filter>
    </ClInclude>
    <ClInclude Include="src\sphere\linuxev.h">
      <Filter>sphere</Filter>
    </ClInclude>
    <ClInclude Include="src\sphere\mutex.h">
      <Filter>sphere</Filter>
    </ClInclude>
    <ClInclude Include="src\sphere\ProfileData.h">
      <Filter>sphere</Filter>
    </ClInclude>
    <ClInclude Include="src\sphere\strings.h">
      <Filter>sphere</Filter>
    </ClInclude>
    <ClInclude Include="src\sphere\threads.h">
      <Filter>sphere</Filter>
    </ClInclude>
    <ClInclude Include="src\common\CacheableScriptFile.h">
      <Filter>common</Filter>
    </ClInclude>
    <ClInclude Include="src\common\crashdump\crashdump.h">
      <Filter>common\crashdump</Filter>
    </ClInclude>
    <ClInclude Include="src\common\CsvFile.h">
      <Filter>common</Filter>
    </ClInclude>
    <ClInclude Include="src\common\CVarFloat.h">
      <Filter>common</Filter>
    </ClInclude>
    <ClInclude Include="src\network\network.h">
      <Filter>network</Filter>
    </ClInclude>
    <ClInclude Include="src\network\packet.h">
      <Filter>network</Filter>
    </ClInclude>
    <ClInclude Include="src\network\receive.h">
      <Filter>network</Filter>
    </ClInclude>
    <ClInclude Include="src\network\send.h">
      <Filter>network</Filter>
    </ClInclude>
    <ClInclude Include="src\graysvr\PingServer.h">
      <Filter>graysvr</Filter>
    </ClInclude>
    <ClInclude Include="src\common\mtrand\mtrand.h">
      <Filter>common\mtrand</Filter>
    </ClInclude>
    <ClInclude Include="src\common\sqlite\SQLite.h">
      <Filter>common\sqlite</Filter>
    </ClInclude>
    <ClInclude Include="src\common\sqlite\sqlite3.h">
      <Filter>common\sqlite</Filter>
    </ClInclude>
    <ClInclude Include="src\common\zlib\gzguts.h">
      <Filter>common\zlib</Filter>
    </ClInclude>
    <ClInclude Include="src\common\CDatabaseLoader.h">
      <Filter>common</Filter>
    </ClInclude>
    <ClInclude Include="src\graysvr\UnixTerminal.h">
      <Filter>graysvr</Filter>
    </ClInclude>
    <ClInclude Include="src\common\CMD5.h">
      <Filter>common</Filter>
    </ClInclude>
    <ClInclude Include="src\graysvr\CAccount.h">
      <Filter>graysvr</Filter>
    </ClInclude>
    <ClInclude Include="src\graysvr\CBase.h">
      <Filter>graysvr</Filter>
    </ClInclude>
    <ClInclude Include="src\graysvr\CClient.h">
      <Filter>graysvr</Filter>
    </ClInclude>
    <ClInclude Include="src\graysvr\CObjBase.h">
      <Filter>graysvr</Filter>
    </ClInclude>
    <ClInclude Include="src\graysvr\CPathFinder.h">
      <Filter>graysvr</Filter>
    </ClInclude>
    <ClInclude Include="src\graysvr\CResource.h">
      <Filter>graysvr</Filter>
    </ClInclude>
    <ClInclude Include="src\graysvr\CServRef.h">
      <Filter>graysvr</Filter>
    </ClInclude>
    <ClInclude Include="src\graysvr\CWorld.h">
      <Filter>graysvr</Filter>
    </ClInclude>
    <ClInclude Include="src\common\CWindow.h">
      <Filter>common</Filter>
    </ClInclude>
    <ClInclude Include="src\graysvr\graysvr.h">
      <Filter>graysvr</Filter>
    </ClInclude>
    <ClInclude Include="src\graysvr\resource.h">
      <Filter>graysvr</Filter>
    </ClInclude>
    <ClInclude Include="src\common\CEncrypt.h">
      <Filter>common</Filter>
    </ClInclude>
    <ClInclude Include="src\graysvr\ntservice.h">
      <Filter>graysvr</Filter>
    </ClInclude>
  </ItemGroup>
  <ItemGroup>
    <CustomBuild Include="src\tables\CBaseBaseDef_props.tbl">
      <Filter>tables</Filter>
    </CustomBuild>
    <CustomBuild Include="src\tables\CChar_functions.tbl">
      <Filter>tables</Filter>
    </CustomBuild>
    <CustomBuild Include="src\tables\CChar_props.tbl">
      <Filter>tables</Filter>
    </CustomBuild>
    <CustomBuild Include="src\tables\CCharBase_props.tbl">
      <Filter>tables</Filter>
    </CustomBuild>
    <CustomBuild Include="src\tables\CCharNpc_props.tbl">
      <Filter>tables</Filter>
    </CustomBuild>
    <CustomBuild Include="src\tables\CCharPlayer_props.tbl">
      <Filter>tables</Filter>
    </CustomBuild>
    <CustomBuild Include="src\tables\CClient_functions.tbl">
      <Filter>tables</Filter>
    </CustomBuild>
    <CustomBuild Include="src\tables\CClient_props.tbl">
      <Filter>tables</Filter>
    </CustomBuild>
    <CustomBuild Include="src\tables\CFile_functions.tbl">
      <Filter>tables</Filter>
    </CustomBuild>
    <CustomBuild Include="src\tables\CFile_props.tbl">
      <Filter>tables</Filter>
    </CustomBuild>
    <CustomBuild Include="src\tables\CFileObjContainer_functions.tbl">
      <Filter>tables</Filter>
    </CustomBuild>
    <CustomBuild Include="src\tables\CFileObjContainer_props.tbl">
      <Filter>tables</Filter>
    </CustomBuild>
    <CustomBuild Include="src\tables\classnames.tbl">
      <Filter>tables</Filter>
    </CustomBuild>
    <CustomBuild Include="src\tables\CObjBase_functions.tbl">
      <Filter>tables</Filter>
    </CustomBuild>
    <CustomBuild Include="src\tables\CObjBase_props.tbl">
      <Filter>tables</Filter>
    </CustomBuild>
    <CustomBuild Include="src\tables\CParty_functions.tbl">
      <Filter>tables</Filter>
    </CustomBuild>
    <CustomBuild Include="src\tables\CParty_props.tbl">
      <Filter>tables</Filter>
    </CustomBuild>
    <CustomBuild Include="src\tables\CScriptObj_functions.tbl">
      <Filter>tables</Filter>
    </CustomBuild>
    <CustomBuild Include="src\tables\CSector_functions.tbl">
      <Filter>tables</Filter>
    </CustomBuild>
    <CustomBuild Include="src\tables\defmessages.tbl">
      <Filter>tables</Filter>
    </CustomBuild>
    <CustomBuild Include="src\Sphere.ini" />
  </ItemGroup>
  <ItemGroup>
    <None Include="src\sphereCrypt.ini" />
    <None Include="src\tables\CCharPlayer_functions.tbl">
      <Filter>tables</Filter>
    </None>
    <None Include="src\tables\CItemBase_props.tbl">
      <Filter>tables</Filter>
    </None>
    <None Include="src\tables\CItem_functions.tbl">
      <Filter>tables</Filter>
    </None>
    <None Include="src\tables\CItem_props.tbl">
      <Filter>tables</Filter>
    </None>
    <None Include="src\tables\CItemStone_functions.tbl">
      <Filter>tables</Filter>
    </None>
    <None Include="src\tables\CItemStone_props.tbl">
      <Filter>tables</Filter>
    </None>
    <None Include="src\tables\CStoneMember_functions.tbl">
      <Filter>tables</Filter>
    </None>
    <None Include="src\tables\CStoneMember_props.tbl">
      <Filter>tables</Filter>
    </None>
    <None Include="src\tables\triggers.tbl">
      <Filter>tables</Filter>
    </None>
    <None Include="src\common\twofish\Makefile">
      <Filter>common\twofish</Filter>
    </None>
    <None Include="src\common\zlib\ChangeLog">
      <Filter>common\zlib</Filter>
    </None>
    <None Include="src\common\zlib\FAQ">
      <Filter>common\zlib</Filter>
    </None>
    <None Include="src\common\zlib\INDEX">
      <Filter>common\zlib</Filter>
    </None>
    <None Include="src\common\zlib\README">
      <Filter>common\zlib</Filter>
    </None>
  </ItemGroup>
  <ItemGroup>
    <Text Include="docs\REVISIONS-51-54-SERIES.TXT" />
    <Text Include="docs\REVISIONS-55-SERIES.TXT" />
    <Text Include="docs\REVISIONS-56-Pre_release.TXT" />
    <Text Include="docs\REVISIONS-56-SERIES.TXT" />
  </ItemGroup>
  <ItemGroup>
    <ResourceCompile Include="src\graysvr\GraySvr.rc">
      <Filter>graysvr</Filter>
    </ResourceCompile>
  </ItemGroup>
</Project>