Microsoft Visual Studio Solution File, Format Version 9.00
# Visual Studio 2005
Project("{FAE04EC0-301F-11D3-BF4B-00C04F79EFBC}") = "Exe", "Exe\Exe.csproj", "{62BE3B1C-A3F6-4139-8FC8-A6B8332A1F6F}"
EndProject
Project("{FAE04EC0-301F-11D3-BF4B-00C04F79EFBC}") = "Dll", "Dll\Dll.csproj", "{3A511349-1AF4-466B-BD0E-D8AC021D0FD8}"
EndProject
Global
	GlobalSection(SolutionConfigurationPlatforms) = preSolution
		Debug|x86 = Debug|x86
		Release|x86 = Release|x86
	EndGlobalSection
	GlobalSection(ProjectConfigurationPlatforms) = postSolution
		{62BE3B1C-A3F6-4139-8FC8-A6B8332A1F6F}.Debug|x86.ActiveCfg = Debug|Any CPU
		{62BE3B1C-A3F6-4139-8FC8-A6B8332A1F6F}.Debug|x86.Build.0 = Debug|Any CPU
		{62BE3B1C-A3F6-4139-8FC8-A6B8332A1F6F}.Release|x86.ActiveCfg = Release|Any CPU
		{62BE3B1C-A3F6-4139-8FC8-A6B8332A1F6F}.Release|x86.Build.0 = Release|Any CPU
		{3A511349-1AF4-466B-BD0E-D8AC021D0FD8}.Debug|x86.ActiveCfg = Debug|Any CPU
		{3A511349-1AF4-466B-BD0E-D8AC021D0FD8}.Debug|x86.Build.0 = Debug|Any CPU
		{3A511349-1AF4-466B-BD0E-D8AC021D0FD8}.Release|x86.ActiveCfg = Release|Any CPU
		{3A511349-1AF4-466B-BD0E-D8AC021D0FD8}.Release|x86.Build.0 = Release|Any CPU
	EndGlobalSection
	GlobalSection(SolutionProperties) = preSolution
		HideSolutionNode = FALSE
	EndGlobalSection
EndGlobal
