Microsoft Visual Studio Solution File, Format Version 9.00
# Visual C++ Express 2005
Project("{8BC9CEB8-8B4A-11D0-8D11-00A0C91BC942}") = "MySqlDll", "MySqlDll.vcproj", "{300788D4-C04C-44A6-B802-BEF878A9253B}"
EndProject
Global
	GlobalSection(SolutionConfigurationPlatforms) = preSolution
		Debug|Win32 = Debug|Win32
		Personal Debug|Win32 = Personal Debug|Win32
		Personal Release|Win32 = Personal Release|Win32
		Release|Win32 = Release|Win32
	EndGlobalSection
	GlobalSection(ProjectConfigurationPlatforms) = postSolution
		{300788D4-C04C-44A6-B802-BEF878A9253B}.Debug|Win32.ActiveCfg = Debug|Win32
		{300788D4-C04C-44A6-B802-BEF878A9253B}.Debug|Win32.Build.0 = Debug|Win32
		{300788D4-C04C-44A6-B802-BEF878A9253B}.Personal Debug|Win32.ActiveCfg = Personal Debug|Win32
		{300788D4-C04C-44A6-B802-BEF878A9253B}.Personal Debug|Win32.Build.0 = Personal Debug|Win32
		{300788D4-C04C-44A6-B802-BEF878A9253B}.Personal Release|Win32.ActiveCfg = Personal Release|Win32
		{300788D4-C04C-44A6-B802-BEF878A9253B}.Personal Release|Win32.Build.0 = Personal Release|Win32
		{300788D4-C04C-44A6-B802-BEF878A9253B}.Release|Win32.ActiveCfg = Release|Win32
		{300788D4-C04C-44A6-B802-BEF878A9253B}.Release|Win32.Build.0 = Release|Win32
	EndGlobalSection
	GlobalSection(SolutionProperties) = preSolution
		HideSolutionNode = FALSE
	EndGlobalSection
EndGlobal
