Microsoft Visual Studio Solution File, Format Version 12.00
# Visual Studio Express 2012 for Windows Desktop
Project("{8BC9CEB8-8B4A-11D0-8D11-00A0C91BC942}") = "0.56b", "GraySvr.vcxproj", "{40CA07B5-BCC7-A9C8-A6E6-DEFC536EE8CB}"
EndProject
Global
	GlobalSection(SolutionConfigurationPlatforms) = preSolution
		Debug|Win32 = Debug|Win32
		Local|Win32 = Local|Win32
		Nightly|Win32 = Nightly|Win32
		Release|Win32 = Release|Win32
	EndGlobalSection
	GlobalSection(ProjectConfigurationPlatforms) = postSolution
		{40CA07B5-BCC7-A9C8-A6E6-DEFC536EE8CB}.Debug|Win32.ActiveCfg = Debug|Win32
		{40CA07B5-BCC7-A9C8-A6E6-DEFC536EE8CB}.Debug|Win32.Build.0 = Debug|Win32
		{40CA07B5-BCC7-A9C8-A6E6-DEFC536EE8CB}.Local|Win32.ActiveCfg = Local|Win32
		{40CA07B5-BCC7-A9C8-A6E6-DEFC536EE8CB}.Local|Win32.Build.0 = Local|Win32
		{40CA07B5-BCC7-A9C8-A6E6-DEFC536EE8CB}.Nightly|Win32.ActiveCfg = Nightly|Win32
		{40CA07B5-BCC7-A9C8-A6E6-DEFC536EE8CB}.Nightly|Win32.Build.0 = Nightly|Win32
		{40CA07B5-BCC7-A9C8-A6E6-DEFC536EE8CB}.Release|Win32.ActiveCfg = Release|Win32
		{40CA07B5-BCC7-A9C8-A6E6-DEFC536EE8CB}.Release|Win32.Build.0 = Release|Win32
	EndGlobalSection
EndGlobal
